
Microsoft Visual Studio Solution File, Format Version 12.00
# Visual Studio 15
VisualStudioVersion = 15.0.28010.2046
MinimumVisualStudioVersion = 10.0.40219.1
Project("{FAE04EC0-301F-11D3-BF4B-00C04F79EFBC}") = "StringInterpolation", "StringInterpolation\StringInterpolation.csproj", "{9B3A4508-9F57-4395-BAD7-AAB1F4638762}"
EndProject
Global
	GlobalSection(SolutionConfigurationPlatforms) = preSolution
		Debug|Any CPU = Debug|Any CPU
		Release|Any CPU = Release|Any CPU
	EndGlobalSection
	GlobalSection(ProjectConfigurationPlatforms) = postSolution
		{9B3A4508-9F57-4395-BAD7-AAB1F4638762}.Debug|Any CPU.ActiveCfg = Debug|Any CPU
		{9B3A4508-9F57-4395-BAD7-AAB1F4638762}.Debug|Any CPU.Build.0 = Debug|Any CPU
		{9B3A4508-9F57-4395-BAD7-AAB1F4638762}.Release|Any CPU.ActiveCfg = Release|Any CPU
		{9B3A4508-9F57-4395-BAD7-AAB1F4638762}.Release|Any CPU.Build.0 = Release|Any CPU
	EndGlobalSection
	GlobalSection(SolutionProperties) = preSolution
		HideSolutionNode = FALSE
	EndGlobalSection
	GlobalSection(ExtensibilityGlobals) = postSolution
		SolutionGuid = {8BF3D8EA-CD6F-41BF-B5B9-43117DDA5308}
	EndGlobalSection
EndGlobal
