
Microsoft Visual Studio Solution File, Format Version 12.00
# Visual Studio 15
VisualStudioVersion = 15.0.28010.2046
MinimumVisualStudioVersion = 10.0.40219.1
Project("{FAE04EC0-301F-11D3-BF4B-00C04F79EFBC}") = "WhileIfStmt", "WhileIfStmt\WhileIfStmt.csproj", "{B9FDD9E3-3021-491D-BDCD-FAC358906086}"
EndProject
Global
	GlobalSection(SolutionConfigurationPlatforms) = preSolution
		Debug|Any CPU = Debug|Any CPU
		Release|Any CPU = Release|Any CPU
	EndGlobalSection
	GlobalSection(ProjectConfigurationPlatforms) = postSolution
		{B9FDD9E3-3021-491D-BDCD-FAC358906086}.Debug|Any CPU.ActiveCfg = Debug|Any CPU
		{B9FDD9E3-3021-491D-BDCD-FAC358906086}.Debug|Any CPU.Build.0 = Debug|Any CPU
		{B9FDD9E3-3021-491D-BDCD-FAC358906086}.Release|Any CPU.ActiveCfg = Release|Any CPU
		{B9FDD9E3-3021-491D-BDCD-FAC358906086}.Release|Any CPU.Build.0 = Release|Any CPU
	EndGlobalSection
	GlobalSection(SolutionProperties) = preSolution
		HideSolutionNode = FALSE
	EndGlobalSection
	GlobalSection(ExtensibilityGlobals) = postSolution
		SolutionGuid = {45AF54BA-B29F-48CB-8CAF-B2C1A6B07080}
	EndGlobalSection
EndGlobal
